
Microsoft Visual Studio Solution File, Format Version 12.00
# Visual Studio 15
VisualStudioVersion = 15.0.28307.329
MinimumVisualStudioVersion = 10.0.40219.1
Project("{FAE04EC0-301F-11D3-BF4B-00C04F79EFBC}") = "lab3_2", "lab3_2\lab3_2.csproj", "{DF3DA0CD-76D4-4281-9164-90147D37346E}"
EndProject
Global
	GlobalSection(SolutionConfigurationPlatforms) = preSolution
		Debug|Any CPU = Debug|Any CPU
		Release|Any CPU = Release|Any CPU
	EndGlobalSection
	GlobalSection(ProjectConfigurationPlatforms) = postSolution
		{DF3DA0CD-76D4-4281-9164-90147D37346E}.Debug|Any CPU.ActiveCfg = Debug|Any CPU
		{DF3DA0CD-76D4-4281-9164-90147D37346E}.Debug|Any CPU.Build.0 = Debug|Any CPU
		{DF3DA0CD-76D4-4281-9164-90147D37346E}.Release|Any CPU.ActiveCfg = Release|Any CPU
		{DF3DA0CD-76D4-4281-9164-90147D37346E}.Release|Any CPU.Build.0 = Release|Any CPU
	EndGlobalSection
	GlobalSection(SolutionProperties) = preSolution
		HideSolutionNode = FALSE
	EndGlobalSection
	GlobalSection(ExtensibilityGlobals) = postSolution
		SolutionGuid = {EAC11B86-2126-4236-BED5-4E7350AD0C7A}
	EndGlobalSection
EndGlobal
