
Microsoft Visual Studio Solution File, Format Version 12.00
# Visual Studio 15
VisualStudioVersion = 15.0.28307.329
MinimumVisualStudioVersion = 10.0.40219.1
Project("{FAE04EC0-301F-11D3-BF4B-00C04F79EFBC}") = "lab2_3", "lab2_3\lab2_3.csproj", "{B67A44F8-4B14-4282-86C2-03B4A2563C6F}"
EndProject
Global
	GlobalSection(SolutionConfigurationPlatforms) = preSolution
		Debug|Any CPU = Debug|Any CPU
		Release|Any CPU = Release|Any CPU
	EndGlobalSection
	GlobalSection(ProjectConfigurationPlatforms) = postSolution
		{B67A44F8-4B14-4282-86C2-03B4A2563C6F}.Debug|Any CPU.ActiveCfg = Debug|Any CPU
		{B67A44F8-4B14-4282-86C2-03B4A2563C6F}.Debug|Any CPU.Build.0 = Debug|Any CPU
		{B67A44F8-4B14-4282-86C2-03B4A2563C6F}.Release|Any CPU.ActiveCfg = Release|Any CPU
		{B67A44F8-4B14-4282-86C2-03B4A2563C6F}.Release|Any CPU.Build.0 = Release|Any CPU
	EndGlobalSection
	GlobalSection(SolutionProperties) = preSolution
		HideSolutionNode = FALSE
	EndGlobalSection
	GlobalSection(ExtensibilityGlobals) = postSolution
		SolutionGuid = {52E688FE-0ED7-45A7-BC1D-F61987CDE733}
	EndGlobalSection
EndGlobal
